
Microsoft Visual Studio Solution File, Format Version 12.00
# Visual Studio Version 16
VisualStudioVersion = 16.0.29911.84
MinimumVisualStudioVersion = 10.0.40219.1
Project("{FAE04EC0-301F-11D3-BF4B-00C04F79EFBC}") = "1812756_NguyenTrongHieu_Server", "1812751_NguyenThiHa_Server\1812756_NguyenTrongHieu_Server.csproj", "{06D55337-A6F4-4C65-9423-B846AB9A1C94}"
EndProject
Global
	GlobalSection(SolutionConfigurationPlatforms) = preSolution
		Debug|Any CPU = Debug|Any CPU
		Release|Any CPU = Release|Any CPU
	EndGlobalSection
	GlobalSection(ProjectConfigurationPlatforms) = postSolution
		{06D55337-A6F4-4C65-9423-B846AB9A1C94}.Debug|Any CPU.ActiveCfg = Debug|Any CPU
		{06D55337-A6F4-4C65-9423-B846AB9A1C94}.Debug|Any CPU.Build.0 = Debug|Any CPU
		{06D55337-A6F4-4C65-9423-B846AB9A1C94}.Release|Any CPU.ActiveCfg = Release|Any CPU
		{06D55337-A6F4-4C65-9423-B846AB9A1C94}.Release|Any CPU.Build.0 = Release|Any CPU
	EndGlobalSection
	GlobalSection(SolutionProperties) = preSolution
		HideSolutionNode = FALSE
	EndGlobalSection
	GlobalSection(ExtensibilityGlobals) = postSolution
		SolutionGuid = {C042E076-7373-40CD-A873-29A6C7F0E5B6}
	EndGlobalSection
EndGlobal
